
Microsoft Visual Studio Solution File, Format Version 12.00
# Visual Studio Version 17
VisualStudioVersion = 17.12.35527.113 d17.12
MinimumVisualStudioVersion = 10.0.40219.1
Project("{FAE04EC0-301F-11D3-BF4B-00C04F79EFBC}") = "BookingApp.Data", "BookingApp.Data\BookingApp.Data.csproj", "{256DE638-560E-4B88-9535-BEF390C930F9}"
EndProject
Project("{FAE04EC0-301F-11D3-BF4B-00C04F79EFBC}") = "BookingApp.Business", "BookingApp.Business\BookingApp.Business.csproj", "{66FA69D9-A2F7-4321-9418-475A9240A009}"
EndProject
Project("{FAE04EC0-301F-11D3-BF4B-00C04F79EFBC}") = "BookingApp.WebApi", "BookingApp.WebApi\BookingApp.WebApi.csproj", "{EA9C17E5-5DAF-4B0F-9B45-7508FD310EF9}"
EndProject
Global
	GlobalSection(SolutionConfigurationPlatforms) = preSolution
		Debug|Any CPU = Debug|Any CPU
		Release|Any CPU = Release|Any CPU
	EndGlobalSection
	GlobalSection(ProjectConfigurationPlatforms) = postSolution
		{256DE638-560E-4B88-9535-BEF390C930F9}.Debug|Any CPU.ActiveCfg = Debug|Any CPU
		{256DE638-560E-4B88-9535-BEF390C930F9}.Debug|Any CPU.Build.0 = Debug|Any CPU
		{256DE638-560E-4B88-9535-BEF390C930F9}.Release|Any CPU.ActiveCfg = Release|Any CPU
		{256DE638-560E-4B88-9535-BEF390C930F9}.Release|Any CPU.Build.0 = Release|Any CPU
		{66FA69D9-A2F7-4321-9418-475A9240A009}.Debug|Any CPU.ActiveCfg = Debug|Any CPU
		{66FA69D9-A2F7-4321-9418-475A9240A009}.Debug|Any CPU.Build.0 = Debug|Any CPU
		{66FA69D9-A2F7-4321-9418-475A9240A009}.Release|Any CPU.ActiveCfg = Release|Any CPU
		{66FA69D9-A2F7-4321-9418-475A9240A009}.Release|Any CPU.Build.0 = Release|Any CPU
		{EA9C17E5-5DAF-4B0F-9B45-7508FD310EF9}.Debug|Any CPU.ActiveCfg = Debug|Any CPU
		{EA9C17E5-5DAF-4B0F-9B45-7508FD310EF9}.Debug|Any CPU.Build.0 = Debug|Any CPU
		{EA9C17E5-5DAF-4B0F-9B45-7508FD310EF9}.Release|Any CPU.ActiveCfg = Release|Any CPU
		{EA9C17E5-5DAF-4B0F-9B45-7508FD310EF9}.Release|Any CPU.Build.0 = Release|Any CPU
	EndGlobalSection
	GlobalSection(SolutionProperties) = preSolution
		HideSolutionNode = FALSE
	EndGlobalSection
EndGlobal
